Microsoft Visual Studio Solution File, Format Version 12.00
# Visual Studio Version 17
VisualStudioVersion = 17.5.2.0
MinimumVisualStudioVersion = 10.0.40219.1
Project("{FAE04EC0-301F-11D3-BF4B-00C04F79EFBC}") = "UniMate2", "UniMate2.csproj", "{721FD5D8-DE17-7AFF-5F01-9C5E60F022EF}"
EndProject
Global
	GlobalSection(SolutionConfigurationPlatforms) = preSolution
		Debug|Any CPU = Debug|Any CPU
		Release|Any CPU = Release|Any CPU
	EndGlobalSection
	GlobalSection(ProjectConfigurationPlatforms) = postSolution
		{721FD5D8-DE17-7AFF-5F01-9C5E60F022EF}.Debug|Any CPU.ActiveCfg = Debug|Any CPU
		{721FD5D8-DE17-7AFF-5F01-9C5E60F022EF}.Debug|Any CPU.Build.0 = Debug|Any CPU
		{721FD5D8-DE17-7AFF-5F01-9C5E60F022EF}.Release|Any CPU.ActiveCfg = Release|Any CPU
		{721FD5D8-DE17-7AFF-5F01-9C5E60F022EF}.Release|Any CPU.Build.0 = Release|Any CPU
	EndGlobalSection
	GlobalSection(SolutionProperties) = preSolution
		HideSolutionNode = FALSE
	EndGlobalSection
	GlobalSection(ExtensibilityGlobals) = postSolution
		SolutionGuid = {1D355E55-C9CD-4D1A-BE04-60CD6AF533DA}
	EndGlobalSection
EndGlobal
